// !$*UTF8*$!
{
	archiveVersion = 1;
	classes = {
	};
	objectVersion = 42;
	objects = {

/* Begin PBXApplicationTarget section */
		7DFEBF5306F5D4C0005412EE /* texture0 */ = {
			isa = PBXApplicationTarget;
			buildConfigurationList = 7DBC6AAB0E5ADD9100D24C04 /* Build configuration list for PBXApplicationTarget "texture0" */;
			buildPhases = (
				7DFEBF4E06F5D4C0005412EE /* Headers */,
				7DFEBF4F06F5D4C0005412EE /* Resources */,
				7DFEBF5006F5D4C0005412EE /* Sources */,
				7DFEBF5106F5D4C0005412EE /* Frameworks */,
				7DFEBF5206F5D4C0005412EE /* Rez */,
			);
			dependencies = (
			);
			name = texture0;
			productInstallPath = "$(USER_APPS_DIR)";
			productName = texture0;
			productReference = 7DFEBF5406F5D4C0005412EE /* texture0.app */;
			productSettingsXML = "<?xml version=\"1.0\" encoding=\"UTF-8\"?>
<!DOCTYPE plist PUBLIC \"-//Apple Computer//DTD PLIST 1.0//EN\" \"http://www.apple.com/DTDs/PropertyList-1.0.dtd\">
<plist version=\"1.0\">
<dict>
	<key>CFBundleDevelopmentRegion</key>
	<string>English</string>
	<key>CFBundleExecutable</key>
	<string></string>
	<key>CFBundleGetInfoString</key>
	<string></string>
	<key>CFBundleIconFile</key>
	<string></string>
	<key>CFBundleIdentifier</key>
	<string></string>
	<key>CFBundleInfoDictionaryVersion</key>
	<string>6.0</string>
	<key>CFBundleName</key>
	<string></string>
	<key>CFBundlePackageType</key>
	<string>APPL</string>
	<key>CFBundleShortVersionString</key>
	<string></string>
	<key>CFBundleSignature</key>
	<string>????</string>
	<key>CFBundleVersion</key>
	<string>0.0.1d1</string>
</dict>
</plist>
";
		};
/* End PBXApplicationTarget section */

/* Begin PBXBuildFile section */
		7DFEBF5806F5D4CE005412EE /* GLUT.framework in Frameworks */ = {isa = PBXBuildFile; fileRef = 7DFEBF5706F5D4CE005412EE /* GLUT.framework */; };
		7DFEBF7106F5D50F005412EE /* OpenGL.framework in Frameworks */ = {isa = PBXBuildFile; fileRef = 7DFEBF7006F5D50F005412EE /* OpenGL.framework */; };
		7DFEBF7506F5D52A005412EE /* Foundation.framework in Frameworks */ = {isa = PBXBuildFile; fileRef = 7DFEBF7406F5D52A005412EE /* Foundation.framework */; };
		7DFEBF8C06F5D547005412EE /* main.cpp in Sources */ = {isa = PBXBuildFile; fileRef = 7DFEBF8706F5D547005412EE /* main.cpp */; };
		7DFEBF8D06F5D547005412EE /* tire.psd in Resources */ = {isa = PBXBuildFile; fileRef = 7DFEBF8806F5D547005412EE /* tire.psd */; };
		7DFEBF8E06F5D547005412EE /* tire.raw in Resources */ = {isa = PBXBuildFile; fileRef = 7DFEBF8906F5D547005412EE /* tire.raw */; };
		7DFEBF8F06F5D547005412EE /* trackball.cpp in Sources */ = {isa = PBXBuildFile; fileRef = 7DFEBF8A06F5D547005412EE /* trackball.cpp */; };
		7DFEBF9006F5D547005412EE /* trackball.h in Headers */ = {isa = PBXBuildFile; fileRef = 7DFEBF8B06F5D547005412EE /* trackball.h */; };
/* End PBXBuildFile section */

/* Begin PBXFileReference section */
		7DFEBF5406F5D4C0005412EE /* texture0.app */ = {isa = PBXFileReference; explicitFileType = wrapper.application; includeInIndex = 0; path = texture0.app; sourceTree = BUILT_PRODUCTS_DIR; };
		7DFEBF5706F5D4CE005412EE /* GLUT.framework */ = {isa = PBXFileReference; lastKnownFileType = wrapper.framework; name = GLUT.framework; path = /System/Library/Frameworks/GLUT.framework; sourceTree = "<absolute>"; };
		7DFEBF7006F5D50F005412EE /* OpenGL.framework */ = {isa = PBXFileReference; lastKnownFileType = wrapper.framework; name = OpenGL.framework; path = /System/Library/Frameworks/OpenGL.framework; sourceTree = "<absolute>"; };
		7DFEBF7406F5D52A005412EE /* Foundation.framework */ = {isa = PBXFileReference; lastKnownFileType = wrapper.framework; name = Foundation.framework; path = /System/Library/Frameworks/Foundation.framework; sourceTree = "<absolute>"; };
		7DFEBF8706F5D547005412EE /* main.cpp */ = {isa = PBXFileReference; fileEncoding = "-2147483647"; lastKnownFileType = sourcecode.cpp.cpp; path = main.cpp; sourceTree = "<group>"; };
		7DFEBF8806F5D547005412EE /* tire.psd */ = {isa = PBXFileReference; lastKnownFileType = file; path = tire.psd; sourceTree = "<group>"; };
		7DFEBF8906F5D547005412EE /* tire.raw */ = {isa = PBXFileReference; fileEncoding = "-2147483647"; lastKnownFileType = text; path = tire.raw; sourceTree = "<group>"; };
		7DFEBF8A06F5D547005412EE /* trackball.cpp */ = {isa = PBXFileReference; fileEncoding = "-2147483647"; lastKnownFileType = sourcecode.cpp.cpp; path = trackball.cpp; sourceTree = "<group>"; };
		7DFEBF8B06F5D547005412EE /* trackball.h */ = {isa = PBXFileReference; fileEncoding = "-2147483647"; lastKnownFileType = sourcecode.c.h; path = trackball.h; sourceTree = "<group>"; };
/* End PBXFileReference section */

/* Begin PBXFrameworksBuildPhase section */
		7DFEBF5106F5D4C0005412EE /* Frameworks */ = {
			isa = PBXFrameworksBuildPhase;
			buildActionMask = 2147483647;
			files = (
				7DFEBF5806F5D4CE005412EE /* GLUT.framework in Frameworks */,
				7DFEBF7106F5D50F005412EE /* OpenGL.framework in Frameworks */,
				7DFEBF7506F5D52A005412EE /* Foundation.framework in Frameworks */,
			);
			runOnlyForDeploymentPostprocessing = 0;
		};
/* End PBXFrameworksBuildPhase section */

/* Begin PBXGroup section */
		7DFEBF4606F5D4AC005412EE = {
			isa = PBXGroup;
			children = (
				7DFEBF8706F5D547005412EE /* main.cpp */,
				7DFEBF8806F5D547005412EE /* tire.psd */,
				7DFEBF8906F5D547005412EE /* tire.raw */,
				7DFEBF8A06F5D547005412EE /* trackball.cpp */,
				7DFEBF8B06F5D547005412EE /* trackball.h */,
				7DFEBF5706F5D4CE005412EE /* GLUT.framework */,
				7DFEBF7006F5D50F005412EE /* OpenGL.framework */,
				7DFEBF7406F5D52A005412EE /* Foundation.framework */,
				7DFEBF5506F5D4C0005412EE /* Products */,
			);
			sourceTree = "<group>";
		};
		7DFEBF5506F5D4C0005412EE /* Products */ = {
			isa = PBXGroup;
			children = (
				7DFEBF5406F5D4C0005412EE /* texture0.app */,
			);
			name = Products;
			sourceTree = "<group>";
		};
/* End PBXGroup section */

/* Begin PBXHeadersBuildPhase section */
		7DFEBF4E06F5D4C0005412EE /* Headers */ = {
			isa = PBXHeadersBuildPhase;
			buildActionMask = 2147483647;
			files = (
				7DFEBF9006F5D547005412EE /* trackball.h in Headers */,
			);
			runOnlyForDeploymentPostprocessing = 0;
		};
/* End PBXHeadersBuildPhase section */

/* Begin PBXProject section */
		7DFEBF4A06F5D4AC005412EE /* Project object */ = {
			isa = PBXProject;
			buildConfigurationList = 7DBC6AAF0E5ADD9100D24C04 /* Build configuration list for PBXProject "texture0" */;
			hasScannedForEncodings = 0;
			mainGroup = 7DFEBF4606F5D4AC005412EE;
			productRefGroup = 7DFEBF5506F5D4C0005412EE /* Products */;
			projectDirPath = "";
			targets = (
				7DFEBF5306F5D4C0005412EE /* texture0 */,
			);
		};
/* End PBXProject section */

/* Begin PBXResourcesBuildPhase section */
		7DFEBF4F06F5D4C0005412EE /* Resources */ = {
			isa = PBXResourcesBuildPhase;
			buildActionMask = 2147483647;
			files = (
				7DFEBF8D06F5D547005412EE /* tire.psd in Resources */,
				7DFEBF8E06F5D547005412EE /* tire.raw in Resources */,
			);
			runOnlyForDeploymentPostprocessing = 0;
		};
/* End PBXResourcesBuildPhase section */

/* Begin PBXRezBuildPhase section */
		7DFEBF5206F5D4C0005412EE /* Rez */ = {
			isa = PBXRezBuildPhase;
			buildActionMask = 2147483647;
			files = (
			);
			runOnlyForDeploymentPostprocessing = 0;
		};
/* End PBXRezBuildPhase section */

/* Begin PBXSourcesBuildPhase section */
		7DFEBF5006F5D4C0005412EE /* Sources */ = {
			isa = PBXSourcesBuildPhase;
			buildActionMask = 2147483647;
			files = (
				7DFEBF8C06F5D547005412EE /* main.cpp in Sources */,
				7DFEBF8F06F5D547005412EE /* trackball.cpp in Sources */,
			);
			runOnlyForDeploymentPostprocessing = 0;
		};
/* End PBXSourcesBuildPhase section */

/* Begin XCBuildConfiguration section */
		7DBC6AAC0E5ADD9100D24C04 /* Development */ = {
			isa = XCBuildConfiguration;
			buildSettings = {
				COPY_PHASE_STRIP = NO;
				OTHER_CFLAGS = "";
				OTHER_LDFLAGS = "";
				OTHER_REZFLAGS = "";
				PRODUCT_NAME = texture0;
				SECTORDER_FLAGS = "";
				WARNING_CFLAGS = (
					"-Wmost",
					"-Wno-four-char-constants",
					"-Wno-unknown-pragmas",
				);
				WRAPPER_EXTENSION = app;
			};
			name = Development;
		};
		7DBC6AAD0E5ADD9100D24C04 /* Deployment */ = {
			isa = XCBuildConfiguration;
			buildSettings = {
				COPY_PHASE_STRIP = YES;
				OTHER_CFLAGS = "";
				OTHER_LDFLAGS = "";
				OTHER_REZFLAGS = "";
				PRODUCT_NAME = texture0;
				SECTORDER_FLAGS = "";
				WARNING_CFLAGS = (
					"-Wmost",
					"-Wno-four-char-constants",
					"-Wno-unknown-pragmas",
				);
				WRAPPER_EXTENSION = app;
			};
			name = Deployment;
		};
		7DBC6AAE0E5ADD9100D24C04 /* Default */ = {
			isa = XCBuildConfiguration;
			buildSettings = {
				OTHER_CFLAGS = "";
				OTHER_LDFLAGS = "";
				OTHER_REZFLAGS = "";
				PRODUCT_NAME = texture0;
				SECTORDER_FLAGS = "";
				WARNING_CFLAGS = (
					"-Wmost",
					"-Wno-four-char-constants",
					"-Wno-unknown-pragmas",
				);
				WRAPPER_EXTENSION = app;
			};
			name = Default;
		};
		7DBC6AB00E5ADD9100D24C04 /* Development */ = {
			isa = XCBuildConfiguration;
			buildSettings = {
			};
			name = Development;
		};
		7DBC6AB10E5ADD9100D24C04 /* Deployment */ = {
			isa = XCBuildConfiguration;
			buildSettings = {
			};
			name = Deployment;
		};
		7DBC6AB20E5ADD9100D24C04 /* Default */ = {
			isa = XCBuildConfiguration;
			buildSettings = {
			};
			name = Default;
		};
/* End XCBuildConfiguration section */

/* Begin XCConfigurationList section */
		7DBC6AAB0E5ADD9100D24C04 /* Build configuration list for PBXApplicationTarget "texture0" */ = {
			isa = XCConfigurationList;
			buildConfigurations = (
				7DBC6AAC0E5ADD9100D24C04 /* Development */,
				7DBC6AAD0E5ADD9100D24C04 /* Deployment */,
				7DBC6AAE0E5ADD9100D24C04 /* Default */,
			);
			defaultConfigurationIsVisible = 0;
			defaultConfigurationName = Default;
		};
		7DBC6AAF0E5ADD9100D24C04 /* Build configuration list for PBXProject "texture0" */ = {
			isa = XCConfigurationList;
			buildConfigurations = (
				7DBC6AB00E5ADD9100D24C04 /* Development */,
				7DBC6AB10E5ADD9100D24C04 /* Deployment */,
				7DBC6AB20E5ADD9100D24C04 /* Default */,
			);
			defaultConfigurationIsVisible = 0;
			defaultConfigurationName = Default;
		};
/* End XCConfigurationList section */
	};
	rootObject = 7DFEBF4A06F5D4AC005412EE /* Project object */;
}
